// !$*UTF8*$!
{
	archiveVersion = 1;
	classes = {
	};
	objectVersion = 50;
	objects = {

/* Begin PBXBuildFile section */
		7A446AE920E09F1C0073B741 /* AppDelegate.swift in Sources */ = {isa = PBXBuildFile; fileRef = 7A446AE820E09F1C0073B741 /* AppDelegate.swift */; };
		7A446AEB20E09F1C0073B741 /* Scene.sks in Resources */ = {isa = PBXBuildFile; fileRef = 7A446AEA20E09F1C0073B741 /* Scene.sks */; };
		7A446AED20E09F1C0073B741 /* Scene.swift in Sources */ = {isa = PBXBuildFile; fileRef = 7A446AEC20E09F1C0073B741 /* Scene.swift */; };
		7A446AEF20E09F1C0073B741 /* ViewController.swift in Sources */ = {isa = PBXBuildFile; fileRef = 7A446AEE20E09F1C0073B741 /* ViewController.swift */; };
		7A446AF220E09F1C0073B741 /* Main.storyboard in Resources */ = {isa = PBXBuildFile; fileRef = 7A446AF020E09F1C0073B741 /* Main.storyboard */; };
		7A446AF420E09F220073B741 /* Assets.xcassets in Resources */ = {isa = PBXBuildFile; fileRef = 7A446AF320E09F220073B741 /* Assets.xcassets */; };
		7A446AF720E09F220073B741 /* LaunchScreen.storyboard in Resources */ = {isa = PBXBuildFile; fileRef = 7A446AF520E09F220073B741 /* LaunchScreen.storyboard */; };
/* End PBXBuildFile section */

/* Begin PBXFileReference section */
		7A446AE520E09F1C0073B741 /* Monedas.app */ = {isa = PBXFileReference; explicitFileType = wrapper.application; includeInIndex = 0; path = Monedas.app; sourceTree = BUILT_PRODUCTS_DIR; };
		7A446AE820E09F1C0073B741 /* AppDelegate.swift */ = {isa = PBXFileReference; lastKnownFileType = sourcecode.swift; path = AppDelegate.swift; sourceTree = "<group>"; };
		7A446AEA20E09F1C0073B741 /* Scene.sks */ = {isa = PBXFileReference; lastKnownFileType = file.sks; path = Scene.sks; sourceTree = "<group>"; };
		7A446AEC20E09F1C0073B741 /* Scene.swift */ = {isa = PBXFileReference; lastKnownFileType = sourcecode.swift; path = Scene.swift; sourceTree = "<group>"; };
		7A446AEE20E09F1C0073B741 /* ViewController.swift */ = {isa = PBXFileReference; lastKnownFileType = sourcecode.swift; path = ViewController.swift; sourceTree = "<group>"; };
		7A446AF120E09F1C0073B741 /* Base */ = {isa = PBXFileReference; lastKnownFileType = file.storyboard; name = Base; path = Base.lproj/Main.storyboard; sourceTree = "<group>"; };
		7A446AF320E09F220073B741 /* Assets.xcassets */ = {isa = PBXFileReference; lastKnownFileType = folder.assetcatalog; path = Assets.xcassets; sourceTree = "<group>"; };
		7A446AF620E09F220073B741 /* Base */ = {isa = PBXFileReference; lastKnownFileType = file.storyboard; name = Base; path = Base.lproj/LaunchScreen.storyboard; sourceTree = "<group>"; };
		7A446AF820E09F220073B741 /* Info.plist */ = {isa = PBXFileReference; lastKnownFileType = text.plist.xml; path = Info.plist; sourceTree = "<group>"; };
/* End PBXFileReference section */

/* Begin PBXFrameworksBuildPhase section */
		7A446AE220E09F1C0073B741 /* Frameworks */ = {
			isa = PBXFrameworksBuildPhase;
			buildActionMask = 2147483647;
			files = (
			);
			runOnlyForDeploymentPostprocessing = 0;
		};
/* End PBXFrameworksBuildPhase section */

/* Begin PBXGroup section */
		7A446ADC20E09F1C0073B741 = {
			isa = PBXGroup;
			children = (
				7A446AE720E09F1C0073B741 /* Monedas */,
				7A446AE620E09F1C0073B741 /* Products */,
			);
			sourceTree = "<group>";
		};
		7A446AE620E09F1C0073B741 /* Products */ = {
			isa = PBXGroup;
			children = (
				7A446AE520E09F1C0073B741 /* Monedas.app */,
			);
			name = Products;
			sourceTree = "<group>";
		};
		7A446AE720E09F1C0073B741 /* Monedas */ = {
			isa = PBXGroup;
			children = (
				7A446AE820E09F1C0073B741 /* AppDelegate.swift */,
				7A446AEA20E09F1C0073B741 /* Scene.sks */,
				7A446AEC20E09F1C0073B741 /* Scene.swift */,
				7A446AEE20E09F1C0073B741 /* ViewController.swift */,
				7A446AF020E09F1C0073B741 /* Main.storyboard */,
				7A446AF320E09F220073B741 /* Assets.xcassets */,
				7A446AF520E09F220073B741 /* LaunchScreen.storyboard */,
				7A446AF820E09F220073B741 /* Info.plist */,
			);
			path = Monedas;
			sourceTree = "<group>";
		};
/* End PBXGroup section */

/* Begin PBXNativeTarget section */
		7A446AE420E09F1C0073B741 /* Monedas */ = {
			isa = PBXNativeTarget;
			buildConfigurationList = 7A446AFB20E09F220073B741 /* Build configuration list for PBXNativeTarget "Monedas" */;
			buildPhases = (
				7A446AE120E09F1C0073B741 /* Sources */,
				7A446AE220E09F1C0073B741 /* Frameworks */,
				7A446AE320E09F1C0073B741 /* Resources */,
			);
			buildRules = (
			);
			dependencies = (
			);
			name = Monedas;
			productName = Monedas;
			productReference = 7A446AE520E09F1C0073B741 /* Monedas.app */;
			productType = "com.apple.product-type.application";
		};
/* End PBXNativeTarget section */

/* Begin PBXProject section */
		7A446ADD20E09F1C0073B741 /* Project object */ = {
			isa = PBXProject;
			attributes = {
				LastSwiftUpdateCheck = 0940;
				LastUpgradeCheck = 0940;
				ORGANIZATIONNAME = 123;
				TargetAttributes = {
					7A446AE420E09F1C0073B741 = {
						CreatedOnToolsVersion = 9.4.1;
					};
				};
			};
			buildConfigurationList = 7A446AE020E09F1C0073B741 /* Build configuration list for PBXProject "Monedas" */;
			compatibilityVersion = "Xcode 9.3";
			developmentRegion = en;
			hasScannedForEncodings = 0;
			knownRegions = (
				en,
				Base,
			);
			mainGroup = 7A446ADC20E09F1C0073B741;
			productRefGroup = 7A446AE620E09F1C0073B741 /* Products */;
			projectDirPath = "";
			projectRoot = "";
			targets = (
				7A446AE420E09F1C0073B741 /* Monedas */,
			);
		};
/* End PBXProject section */

/* Begin PBXResourcesBuildPhase section */
		7A446AE320E09F1C0073B741 /* Resources */ = {
			isa = PBXResourcesBuildPhase;
			buildActionMask = 2147483647;
			files = (
				7A446AEB20E09F1C0073B741 /* Scene.sks in Resources */,
				7A446AF720E09F220073B741 /* LaunchScreen.storyboard in Resources */,
				7A446AF420E09F220073B741 /* Assets.xcassets in Resources */,
				7A446AF220E09F1C0073B741 /* Main.storyboard in Resources */,
			);
			runOnlyForDeploymentPostprocessing = 0;
		};
/* End PBXResourcesBuildPhase section */

/* Begin PBXSourcesBuildPhase section */
		7A446AE120E09F1C0073B741 /* Sources */ = {
			isa = PBXSourcesBuildPhase;
			buildActionMask = 2147483647;
			files = (
				7A446AEF20E09F1C0073B741 /* ViewController.swift in Sources */,
				7A446AED20E09F1C0073B741 /* Scene.swift in Sources */,
				7A446AE920E09F1C0073B741 /* AppDelegate.swift in Sources */,
			);
			runOnlyForDeploymentPostprocessing = 0;
		};
/* End PBXSourcesBuildPhase section */

/* Begin PBXVariantGroup section */
		7A446AF020E09F1C0073B741 /* Main.storyboard */ = {
			isa = PBXVariantGroup;
			children = (
				7A446AF120E09F1C0073B741 /* Base */,
			);
			name = Main.storyboard;
			sourceTree = "<group>";
		};
		7A446AF520E09F220073B741 /* LaunchScreen.storyboard */ = {
			isa = PBXVariantGroup;
			children = (
				7A446AF620E09F220073B741 /* Base */,
			);
			name = LaunchScreen.storyboard;
			sourceTree = "<group>";
		};
/* End PBXVariantGroup section */

/* Begin XCBuildConfiguration section */
		7A446AF920E09F220073B741 /* Debug */ = {
			isa = XCBuildConfiguration;
			buildSettings = {
				ALWAYS_SEARCH_USER_PATHS = NO;
				CLANG_ANALYZER_NONNULL = YES;
				CLANG_ANALYZER_NUMBER_OBJECT_CONVERSION = YES_AGGRESSIVE;
				CLANG_CXX_LANGUAGE_STANDARD = "gnu++14";
				CLANG_CXX_LIBRARY = "libc++";
				CLANG_ENABLE_MODULES = YES;
				CLANG_ENABLE_OBJC_ARC = YES;
				CLANG_ENABLE_OBJC_WEAK = YES;
				CLANG_WARN_BLOCK_CAPTURE_AUTORELEASING = YES;
				CLANG_WARN_BOOL_CONVERSION = YES;
				CLANG_WARN_COMMA = YES;
				CLANG_WARN_CONSTANT_CONVERSION = YES;
				CLANG_WARN_DEPRECATED_OBJC_IMPLEMENTATIONS = YES;
				CLANG_WARN_DIRECT_OBJC_ISA_USAGE = YES_ERROR;
				CLANG_WARN_DOCUMENTATION_COMMENTS = YES;
				CLANG_WARN_EMPTY_BODY = YES;
				CLANG_WARN_ENUM_CONVERSION = YES;
				CLANG_WARN_INFINITE_RECURSION = YES;
				CLANG_WARN_INT_CONVERSION = YES;
				CLANG_WARN_NON_LITERAL_NULL_CONVERSION = YES;
				CLANG_WARN_OBJC_IMPLICIT_RETAIN_SELF = YES;
				CLANG_WARN_OBJC_LITERAL_CONVERSION = YES;
				CLANG_WARN_OBJC_ROOT_CLASS = YES_ERROR;
				CLANG_WARN_RANGE_LOOP_ANALYSIS = YES;
				CLANG_WARN_STRICT_PROTOTYPES = YES;
				CLANG_WARN_SUSPICIOUS_MOVE = YES;
				CLANG_WARN_UNGUARDED_AVAILABILITY = YES_AGGRESSIVE;
				CLANG_WARN_UNREACHABLE_CODE = YES;
				CLANG_WARN__DUPLICATE_METHOD_MATCH = YES;
				CODE_SIGN_IDENTITY = "iPhone Developer";
				COPY_PHASE_STRIP = NO;
				DEBUG_INFORMATION_FORMAT = dwarf;
				ENABLE_STRICT_OBJC_MSGSEND = YES;
				ENABLE_TESTABILITY = YES;
				GCC_C_LANGUAGE_STANDARD = gnu11;
				GCC_DYNAMIC_NO_PIC = NO;
				GCC_NO_COMMON_BLOCKS = YES;
				GCC_OPTIMIZATION_LEVEL = 0;
				GCC_PREPROCESSOR_DEFINITIONS = (
					"DEBUG=1",
					"$(inherited)",
				);
				GCC_WARN_64_TO_32_BIT_CONVERSION = YES;
				GCC_WARN_ABOUT_RETURN_TYPE = YES_ERROR;
				GCC_WARN_UNDECLARED_SELECTOR = YES;
				GCC_WARN_UNINITIALIZED_AUTOS = YES_AGGRESSIVE;
				GCC_WARN_UNUSED_FUNCTION = YES;
				GCC_WARN_UNUSED_VARIABLE = YES;
				IPHONEOS_DEPLOYMENT_TARGET = 11.4;
				MTL_ENABLE_DEBUG_INFO = YES;
				ONLY_ACTIVE_ARCH = YES;
				SDKROOT = iphoneos;
				SWIFT_ACTIVE_COMPILATION_CONDITIONS = DEBUG;
				SWIFT_OPTIMIZATION_LEVEL = "-Onone";
			};
			name = Debug;
		};
		7A446AFA20E09F220073B741 /* Release */ = {
			isa = XCBuildConfiguration;
			buildSettings = {
				ALWAYS_SEARCH_USER_PATHS = NO;
				CLANG_ANALYZER_NONNULL = YES;
				CLANG_ANALYZER_NUMBER_OBJECT_CONVERSION = YES_AGGRESSIVE;
				CLANG_CXX_LANGUAGE_STANDARD = "gnu++14";
				CLANG_CXX_LIBRARY = "libc++";
				CLANG_ENABLE_MODULES = YES;
				CLANG_ENABLE_OBJC_ARC = YES;
				CLANG_ENABLE_OBJC_WEAK = YES;
				CLANG_WARN_BLOCK_CAPTURE_AUTORELEASING = YES;
				CLANG_WARN_BOOL_CONVERSION = YES;
				CLANG_WARN_COMMA = YES;
				CLANG_WARN_CONSTANT_CONVERSION = YES;
				CLANG_WARN_DEPRECATED_OBJC_IMPLEMENTATIONS = YES;
				CLANG_WARN_DIRECT_OBJC_ISA_USAGE = YES_ERROR;
				CLANG_WARN_DOCUMENTATION_COMMENTS = YES;
				CLANG_WARN_EMPTY_BODY = YES;
				CLANG_WARN_ENUM_CONVERSION = YES;
				CLANG_WARN_INFINITE_RECURSION = YES;
				CLANG_WARN_INT_CONVERSION = YES;
				CLANG_WARN_NON_LITERAL_NULL_CONVERSION = YES;
				CLANG_WARN_OBJC_IMPLICIT_RETAIN_SELF = YES;
				CLANG_WARN_OBJC_LITERAL_CONVERSION = YES;
				CLANG_WARN_OBJC_ROOT_CLASS = YES_ERROR;
				CLANG_WARN_RANGE_LOOP_ANALYSIS = YES;
				CLANG_WARN_STRICT_PROTOTYPES = YES;
				CLANG_WARN_SUSPICIOUS_MOVE = YES;
				CLANG_WARN_UNGUARDED_AVAILABILITY = YES_AGGRESSIVE;
				CLANG_WARN_UNREACHABLE_CODE = YES;
				CLANG_WARN__DUPLICATE_METHOD_MATCH = YES;
				CODE_SIGN_IDENTITY = "iPhone Developer";
				COPY_PHASE_STRIP = NO;
				DEBUG_INFORMATION_FORMAT = "dwarf-with-dsym";
				ENABLE_NS_ASSERTIONS = NO;
				ENABLE_STRICT_OBJC_MSGSEND = YES;
				GCC_C_LANGUAGE_STANDARD = gnu11;
				GCC_NO_COMMON_BLOCKS = YES;
				GCC_WARN_64_TO_32_BIT_CONVERSION = YES;
				GCC_WARN_ABOUT_RETURN_TYPE = YES_ERROR;
				GCC_WARN_UNDECLARED_SELECTOR = YES;
				GCC_WARN_UNINITIALIZED_AUTOS = YES_AGGRESSIVE;
				GCC_WARN_UNUSED_FUNCTION = YES;
				GCC_WARN_UNUSED_VARIABLE = YES;
				IPHONEOS_DEPLOYMENT_TARGET = 11.4;
				MTL_ENABLE_DEBUG_INFO = NO;
				SDKROOT = iphoneos;
				SWIFT_COMPILATION_MODE = wholemodule;
				SWIFT_OPTIMIZATION_LEVEL = "-O";
				VALIDATE_PRODUCT = YES;
			};
			name = Release;
		};
		7A446AFC20E09F220073B741 /* Debug */ = {
			isa = XCBuildConfiguration;
			buildSettings = {
				ASSETCATALOG_COMPILER_APPICON_NAME = AppIcon;
				CODE_SIGN_STYLE = Automatic;
				DEVELOPMENT_TEAM = 472V58MGMP;
				INFOPLIST_FILE = Monedas/Info.plist;
				LD_RUNPATH_SEARCH_PATHS = (
					"$(inherited)",
					"@executable_path/Frameworks",
				);
				PRODUCT_BUNDLE_IDENTIFIER = "-23.Monedas";
				PRODUCT_NAME = "$(TARGET_NAME)";
				SWIFT_VERSION = 4.0;
				TARGETED_DEVICE_FAMILY = "1,2";
			};
			name = Debug;
		};
		7A446AFD20E09F220073B741 /* Release */ = {
			isa = XCBuildConfiguration;
			buildSettings = {
				ASSETCATALOG_COMPILER_APPICON_NAME = AppIcon;
				CODE_SIGN_STYLE = Automatic;
				DEVELOPMENT_TEAM = 472V58MGMP;
				INFOPLIST_FILE = Monedas/Info.plist;
				LD_RUNPATH_SEARCH_PATHS = (
					"$(inherited)",
					"@executable_path/Frameworks",
				);
				PRODUCT_BUNDLE_IDENTIFIER = "-23.Monedas";
				PRODUCT_NAME = "$(TARGET_NAME)";
				SWIFT_VERSION = 4.0;
				TARGETED_DEVICE_FAMILY = "1,2";
			};
			name = Release;
		};
/* End XCBuildConfiguration section */

/* Begin XCConfigurationList section */
		7A446AE020E09F1C0073B741 /* Build configuration list for PBXProject "Monedas" */ = {
			isa = XCConfigurationList;
			buildConfigurations = (
				7A446AF920E09F220073B741 /* Debug */,
				7A446AFA20E09F220073B741 /* Release */,
			);
			defaultConfigurationIsVisible = 0;
			defaultConfigurationName = Release;
		};
		7A446AFB20E09F220073B741 /* Build configuration list for PBXNativeTarget "Monedas" */ = {
			isa = XCConfigurationList;
			buildConfigurations = (
				7A446AFC20E09F220073B741 /* Debug */,
				7A446AFD20E09F220073B741 /* Release */,
			);
			defaultConfigurationIsVisible = 0;
			defaultConfigurationName = Release;
		};
/* End XCConfigurationList section */
	};
	rootObject = 7A446ADD20E09F1C0073B741 /* Project object */;
}
